
Microsoft Visual Studio Solution File, Format Version 12.00
# Visual Studio Version 16
VisualStudioVersion = 16.0.31229.75
MinimumVisualStudioVersion = 10.0.40219.1
Project("{9A19103F-16F7-4668-BE54-9A1E7A4F7556}") = "TwoSum", "TwoSum\TwoSum.csproj", "{3704016D-C515-4BEC-9407-DC6A62F18A1C}"
EndProject
Project("{9A19103F-16F7-4668-BE54-9A1E7A4F7556}") = "ReverseInteger", "ReverseInteger\ReverseInteger.csproj", "{BB5A16BF-06FD-4C2F-869A-9E1500948050}"
EndProject
Project("{9A19103F-16F7-4668-BE54-9A1E7A4F7556}") = "PalindromeNumber", "PalindromeNumber\PalindromeNumber.csproj", "{5F3A7617-65BF-4686-B0A0-056977A5E808}"
EndProject
Project("{9A19103F-16F7-4668-BE54-9A1E7A4F7556}") = "RemoveDuplicatesFromSortedArray", "RemoveDuplicatesFromSortedArray\RemoveDuplicatesFromSortedArray.csproj", "{D489E5E7-6D25-4D31-82B1-FD05F0FF85D2}"
EndProject
Project("{9A19103F-16F7-4668-BE54-9A1E7A4F7556}") = "ValidParentheses", "Valid Parentheses\ValidParentheses.csproj", "{1B2FF447-DD9B-486C-B971-8B11CE9FB98C}"
EndProject
Project("{9A19103F-16F7-4668-BE54-9A1E7A4F7556}") = "LongestCommonPrefix", "LongestCommonPrefix\LongestCommonPrefix.csproj", "{DB3EB7DF-7CAB-4404-9ACB-6C754406F7C3}"
EndProject
Project("{9A19103F-16F7-4668-BE54-9A1E7A4F7556}") = "ImplementIndexOf", "ImplementIndexOf\ImplementIndexOf.csproj", "{A0DE5DD3-1E72-49CE-8A74-E181937E8395}"
EndProject
Project("{9A19103F-16F7-4668-BE54-9A1E7A4F7556}") = "RemoveElement", "RemoveElement\RemoveElement.csproj", "{C34F0E8B-B024-49DB-A187-801BEF18AD63}"
EndProject
Project("{9A19103F-16F7-4668-BE54-9A1E7A4F7556}") = "RomanToInteger", "RomanToInteger\RomanToInteger.csproj", "{E3F3214C-0D2B-4D23-9EAF-140B8B346AE2}"
EndProject
Project("{9A19103F-16F7-4668-BE54-9A1E7A4F7556}") = "SearchInsertPosition", "SearchInsertPosition\SearchInsertPosition.csproj", "{34B30E43-9382-453B-9357-003F43188B51}"
EndProject
Project("{9A19103F-16F7-4668-BE54-9A1E7A4F7556}") = "LengthOfLastWord", "LengthOfLastWord\LengthOfLastWord.csproj", "{E6E9BFBD-2CAC-4D4C-B0A3-E63561468F5B}"
EndProject
Project("{9A19103F-16F7-4668-BE54-9A1E7A4F7556}") = "PlusOne", "PlusOne\PlusOne.csproj", "{A6161879-FD45-47FE-AE6B-EF32BEFF05AB}"
EndProject
Project("{9A19103F-16F7-4668-BE54-9A1E7A4F7556}") = "Sqrt(x)", "Sqrt(x)\Sqrt(x).csproj", "{E4016E4A-DA44-4C48-8B70-755C2338A1C9}"
EndProject
Project("{9A19103F-16F7-4668-BE54-9A1E7A4F7556}") = "ClimbingStairs", "ClimbingStairs\ClimbingStairs.csproj", "{DC316662-360D-409A-B3D1-6FE1799349BE}"
EndProject
Project("{9A19103F-16F7-4668-BE54-9A1E7A4F7556}") = "MergeSortedArray", "MergeSortedArray\MergeSortedArray.csproj", "{F06A5571-EEF5-494D-AC1C-A3725B9E5BDD}"
EndProject
Project("{9A19103F-16F7-4668-BE54-9A1E7A4F7556}") = "ArraySort", "ArraySort\ArraySort.csproj", "{F87F9CE6-B817-4E89-84C7-8798FD7EF15D}"
EndProject
Project("{9A19103F-16F7-4668-BE54-9A1E7A4F7556}") = "TechnicalInterviewQuestions", "TechnicalInterviewQuestions\TechnicalInterviewQuestions.csproj", "{CC365BFC-9184-4E77-A8F0-6E6837079864}"
EndProject
Project("{9A19103F-16F7-4668-BE54-9A1E7A4F7556}") = "PascalsTriangle", "PascalsTriangle\PascalsTriangle.csproj", "{0A48B4DD-C89D-418F-B67C-49E310BCAE59}"
EndProject
Project("{9A19103F-16F7-4668-BE54-9A1E7A4F7556}") = "SortArrayByParity", "SortArrayByParity\SortArrayByParity.csproj", "{EE32A1D5-FBCF-4E7A-AE29-6CB40375050A}"
EndProject
Project("{FAE04EC0-301F-11D3-BF4B-00C04F79EFBC}") = "CountAndSay", "CountAndSay\CountAndSay.csproj", "{542AED6D-A93A-4227-8557-B3C2D6097A4C}"
EndProject
Global
	GlobalSection(SolutionConfigurationPlatforms) = preSolution
		Debug|Any CPU = Debug|Any CPU
		Release|Any CPU = Release|Any CPU
	EndGlobalSection
	GlobalSection(ProjectConfigurationPlatforms) = postSolution
		{3704016D-C515-4BEC-9407-DC6A62F18A1C}.Debug|Any CPU.ActiveCfg = Debug|Any CPU
		{3704016D-C515-4BEC-9407-DC6A62F18A1C}.Debug|Any CPU.Build.0 = Debug|Any CPU
		{3704016D-C515-4BEC-9407-DC6A62F18A1C}.Release|Any CPU.ActiveCfg = Release|Any CPU
		{3704016D-C515-4BEC-9407-DC6A62F18A1C}.Release|Any CPU.Build.0 = Release|Any CPU
		{BB5A16BF-06FD-4C2F-869A-9E1500948050}.Debug|Any CPU.ActiveCfg = Debug|Any CPU
		{BB5A16BF-06FD-4C2F-869A-9E1500948050}.Debug|Any CPU.Build.0 = Debug|Any CPU
		{BB5A16BF-06FD-4C2F-869A-9E1500948050}.Release|Any CPU.ActiveCfg = Release|Any CPU
		{BB5A16BF-06FD-4C2F-869A-9E1500948050}.Release|Any CPU.Build.0 = Release|Any CPU
		{5F3A7617-65BF-4686-B0A0-056977A5E808}.Debug|Any CPU.ActiveCfg = Debug|Any CPU
		{5F3A7617-65BF-4686-B0A0-056977A5E808}.Debug|Any CPU.Build.0 = Debug|Any CPU
		{5F3A7617-65BF-4686-B0A0-056977A5E808}.Release|Any CPU.ActiveCfg = Release|Any CPU
		{5F3A7617-65BF-4686-B0A0-056977A5E808}.Release|Any CPU.Build.0 = Release|Any CPU
		{D489E5E7-6D25-4D31-82B1-FD05F0FF85D2}.Debug|Any CPU.ActiveCfg = Debug|Any CPU
		{D489E5E7-6D25-4D31-82B1-FD05F0FF85D2}.Debug|Any CPU.Build.0 = Debug|Any CPU
		{D489E5E7-6D25-4D31-82B1-FD05F0FF85D2}.Release|Any CPU.ActiveCfg = Release|Any CPU
		{D489E5E7-6D25-4D31-82B1-FD05F0FF85D2}.Release|Any CPU.Build.0 = Release|Any CPU
		{1B2FF447-DD9B-486C-B971-8B11CE9FB98C}.Debug|Any CPU.ActiveCfg = Debug|Any CPU
		{1B2FF447-DD9B-486C-B971-8B11CE9FB98C}.Debug|Any CPU.Build.0 = Debug|Any CPU
		{1B2FF447-DD9B-486C-B971-8B11CE9FB98C}.Release|Any CPU.ActiveCfg = Release|Any CPU
		{1B2FF447-DD9B-486C-B971-8B11CE9FB98C}.Release|Any CPU.Build.0 = Release|Any CPU
		{DB3EB7DF-7CAB-4404-9ACB-6C754406F7C3}.Debug|Any CPU.ActiveCfg = Debug|Any CPU
		{DB3EB7DF-7CAB-4404-9ACB-6C754406F7C3}.Debug|Any CPU.Build.0 = Debug|Any CPU
		{DB3EB7DF-7CAB-4404-9ACB-6C754406F7C3}.Release|Any CPU.ActiveCfg = Release|Any CPU
		{DB3EB7DF-7CAB-4404-9ACB-6C754406F7C3}.Release|Any CPU.Build.0 = Release|Any CPU
		{A0DE5DD3-1E72-49CE-8A74-E181937E8395}.Debug|Any CPU.ActiveCfg = Debug|Any CPU
		{A0DE5DD3-1E72-49CE-8A74-E181937E8395}.Debug|Any CPU.Build.0 = Debug|Any CPU
		{A0DE5DD3-1E72-49CE-8A74-E181937E8395}.Release|Any CPU.ActiveCfg = Release|Any CPU
		{A0DE5DD3-1E72-49CE-8A74-E181937E8395}.Release|Any CPU.Build.0 = Release|Any CPU
		{C34F0E8B-B024-49DB-A187-801BEF18AD63}.Debug|Any CPU.ActiveCfg = Debug|Any CPU
		{C34F0E8B-B024-49DB-A187-801BEF18AD63}.Debug|Any CPU.Build.0 = Debug|Any CPU
		{C34F0E8B-B024-49DB-A187-801BEF18AD63}.Release|Any CPU.ActiveCfg = Release|Any CPU
		{C34F0E8B-B024-49DB-A187-801BEF18AD63}.Release|Any CPU.Build.0 = Release|Any CPU
		{E3F3214C-0D2B-4D23-9EAF-140B8B346AE2}.Debug|Any CPU.ActiveCfg = Debug|Any CPU
		{E3F3214C-0D2B-4D23-9EAF-140B8B346AE2}.Debug|Any CPU.Build.0 = Debug|Any CPU
		{E3F3214C-0D2B-4D23-9EAF-140B8B346AE2}.Release|Any CPU.ActiveCfg = Release|Any CPU
		{E3F3214C-0D2B-4D23-9EAF-140B8B346AE2}.Release|Any CPU.Build.0 = Release|Any CPU
		{34B30E43-9382-453B-9357-003F43188B51}.Debug|Any CPU.ActiveCfg = Debug|Any CPU
		{34B30E43-9382-453B-9357-003F43188B51}.Debug|Any CPU.Build.0 = Debug|Any CPU
		{34B30E43-9382-453B-9357-003F43188B51}.Release|Any CPU.ActiveCfg = Release|Any CPU
		{34B30E43-9382-453B-9357-003F43188B51}.Release|Any CPU.Build.0 = Release|Any CPU
		{E6E9BFBD-2CAC-4D4C-B0A3-E63561468F5B}.Debug|Any CPU.ActiveCfg = Debug|Any CPU
		{E6E9BFBD-2CAC-4D4C-B0A3-E63561468F5B}.Debug|Any CPU.Build.0 = Debug|Any CPU
		{E6E9BFBD-2CAC-4D4C-B0A3-E63561468F5B}.Release|Any CPU.ActiveCfg = Release|Any CPU
		{E6E9BFBD-2CAC-4D4C-B0A3-E63561468F5B}.Release|Any CPU.Build.0 = Release|Any CPU
		{A6161879-FD45-47FE-AE6B-EF32BEFF05AB}.Debug|Any CPU.ActiveCfg = Debug|Any CPU
		{A6161879-FD45-47FE-AE6B-EF32BEFF05AB}.Debug|Any CPU.Build.0 = Debug|Any CPU
		{A6161879-FD45-47FE-AE6B-EF32BEFF05AB}.Release|Any CPU.ActiveCfg = Release|Any CPU
		{A6161879-FD45-47FE-AE6B-EF32BEFF05AB}.Release|Any CPU.Build.0 = Release|Any CPU
		{E4016E4A-DA44-4C48-8B70-755C2338A1C9}.Debug|Any CPU.ActiveCfg = Debug|Any CPU
		{E4016E4A-DA44-4C48-8B70-755C2338A1C9}.Debug|Any CPU.Build.0 = Debug|Any CPU
		{E4016E4A-DA44-4C48-8B70-755C2338A1C9}.Release|Any CPU.ActiveCfg = Release|Any CPU
		{E4016E4A-DA44-4C48-8B70-755C2338A1C9}.Release|Any CPU.Build.0 = Release|Any CPU
		{DC316662-360D-409A-B3D1-6FE1799349BE}.Debug|Any CPU.ActiveCfg = Debug|Any CPU
		{DC316662-360D-409A-B3D1-6FE1799349BE}.Debug|Any CPU.Build.0 = Debug|Any CPU
		{DC316662-360D-409A-B3D1-6FE1799349BE}.Release|Any CPU.ActiveCfg = Release|Any CPU
		{DC316662-360D-409A-B3D1-6FE1799349BE}.Release|Any CPU.Build.0 = Release|Any CPU
		{F06A5571-EEF5-494D-AC1C-A3725B9E5BDD}.Debug|Any CPU.ActiveCfg = Debug|Any CPU
		{F06A5571-EEF5-494D-AC1C-A3725B9E5BDD}.Debug|Any CPU.Build.0 = Debug|Any CPU
		{F06A5571-EEF5-494D-AC1C-A3725B9E5BDD}.Release|Any CPU.ActiveCfg = Release|Any CPU
		{F06A5571-EEF5-494D-AC1C-A3725B9E5BDD}.Release|Any CPU.Build.0 = Release|Any CPU
		{F87F9CE6-B817-4E89-84C7-8798FD7EF15D}.Debug|Any CPU.ActiveCfg = Debug|Any CPU
		{F87F9CE6-B817-4E89-84C7-8798FD7EF15D}.Debug|Any CPU.Build.0 = Debug|Any CPU
		{F87F9CE6-B817-4E89-84C7-8798FD7EF15D}.Release|Any CPU.ActiveCfg = Release|Any CPU
		{F87F9CE6-B817-4E89-84C7-8798FD7EF15D}.Release|Any CPU.Build.0 = Release|Any CPU
		{CC365BFC-9184-4E77-A8F0-6E6837079864}.Debug|Any CPU.ActiveCfg = Debug|Any CPU
		{CC365BFC-9184-4E77-A8F0-6E6837079864}.Debug|Any CPU.Build.0 = Debug|Any CPU
		{CC365BFC-9184-4E77-A8F0-6E6837079864}.Release|Any CPU.ActiveCfg = Release|Any CPU
		{CC365BFC-9184-4E77-A8F0-6E6837079864}.Release|Any CPU.Build.0 = Release|Any CPU
		{0A48B4DD-C89D-418F-B67C-49E310BCAE59}.Debug|Any CPU.ActiveCfg = Debug|Any CPU
		{0A48B4DD-C89D-418F-B67C-49E310BCAE59}.Debug|Any CPU.Build.0 = Debug|Any CPU
		{0A48B4DD-C89D-418F-B67C-49E310BCAE59}.Release|Any CPU.ActiveCfg = Release|Any CPU
		{0A48B4DD-C89D-418F-B67C-49E310BCAE59}.Release|Any CPU.Build.0 = Release|Any CPU
		{EE32A1D5-FBCF-4E7A-AE29-6CB40375050A}.Debug|Any CPU.ActiveCfg = Debug|Any CPU
		{EE32A1D5-FBCF-4E7A-AE29-6CB40375050A}.Debug|Any CPU.Build.0 = Debug|Any CPU
		{EE32A1D5-FBCF-4E7A-AE29-6CB40375050A}.Release|Any CPU.ActiveCfg = Release|Any CPU
		{EE32A1D5-FBCF-4E7A-AE29-6CB40375050A}.Release|Any CPU.Build.0 = Release|Any CPU
		{542AED6D-A93A-4227-8557-B3C2D6097A4C}.Debug|Any CPU.ActiveCfg = Debug|Any CPU
		{542AED6D-A93A-4227-8557-B3C2D6097A4C}.Debug|Any CPU.Build.0 = Debug|Any CPU
		{542AED6D-A93A-4227-8557-B3C2D6097A4C}.Release|Any CPU.ActiveCfg = Release|Any CPU
		{542AED6D-A93A-4227-8557-B3C2D6097A4C}.Release|Any CPU.Build.0 = Release|Any CPU
	EndGlobalSection
	GlobalSection(SolutionProperties) = preSolution
		HideSolutionNode = FALSE
	EndGlobalSection
	GlobalSection(ExtensibilityGlobals) = postSolution
		SolutionGuid = {CE09A2A6-9DAE-4E79-B9ED-0B6D4B2A2550}
	EndGlobalSection
EndGlobal
