
Microsoft Visual Studio Solution File, Format Version 12.00
# Visual Studio Version 17
VisualStudioVersion = 17.0.31912.275
MinimumVisualStudioVersion = 10.0.40219.1
Project("{9A19103F-16F7-4668-BE54-9A1E7A4F7556}") = "TwoSum", "TwoSum\TwoSum.csproj", "{3704016D-C515-4BEC-9407-DC6A62F18A1C}"
EndProject
Project("{9A19103F-16F7-4668-BE54-9A1E7A4F7556}") = "ReverseInteger", "ReverseInteger\ReverseInteger.csproj", "{BB5A16BF-06FD-4C2F-869A-9E1500948050}"
EndProject
Project("{9A19103F-16F7-4668-BE54-9A1E7A4F7556}") = "PalindromeNumber", "PalindromeNumber\PalindromeNumber.csproj", "{5F3A7617-65BF-4686-B0A0-056977A5E808}"
EndProject
Project("{9A19103F-16F7-4668-BE54-9A1E7A4F7556}") = "RemoveDuplicatesFromSortedArray", "RemoveDuplicatesFromSortedArray\RemoveDuplicatesFromSortedArray.csproj", "{D489E5E7-6D25-4D31-82B1-FD05F0FF85D2}"
EndProject
Project("{9A19103F-16F7-4668-BE54-9A1E7A4F7556}") = "ValidParentheses", "Valid Parentheses\ValidParentheses.csproj", "{1B2FF447-DD9B-486C-B971-8B11CE9FB98C}"
EndProject
Project("{9A19103F-16F7-4668-BE54-9A1E7A4F7556}") = "LongestCommonPrefix", "LongestCommonPrefix\LongestCommonPrefix.csproj", "{DB3EB7DF-7CAB-4404-9ACB-6C754406F7C3}"
EndProject
Project("{9A19103F-16F7-4668-BE54-9A1E7A4F7556}") = "ImplementIndexOf", "ImplementIndexOf\ImplementIndexOf.csproj", "{A0DE5DD3-1E72-49CE-8A74-E181937E8395}"
EndProject
Project("{9A19103F-16F7-4668-BE54-9A1E7A4F7556}") = "RemoveElement", "RemoveElement\RemoveElement.csproj", "{C34F0E8B-B024-49DB-A187-801BEF18AD63}"
EndProject
Project("{9A19103F-16F7-4668-BE54-9A1E7A4F7556}") = "RomanToInteger", "RomanToInteger\RomanToInteger.csproj", "{E3F3214C-0D2B-4D23-9EAF-140B8B346AE2}"
EndProject
Project("{9A19103F-16F7-4668-BE54-9A1E7A4F7556}") = "SearchInsertPosition", "SearchInsertPosition\SearchInsertPosition.csproj", "{34B30E43-9382-453B-9357-003F43188B51}"
EndProject
Project("{9A19103F-16F7-4668-BE54-9A1E7A4F7556}") = "LengthOfLastWord", "LengthOfLastWord\LengthOfLastWord.csproj", "{E6E9BFBD-2CAC-4D4C-B0A3-E63561468F5B}"
EndProject
Project("{9A19103F-16F7-4668-BE54-9A1E7A4F7556}") = "PlusOne", "PlusOne\PlusOne.csproj", "{A6161879-FD45-47FE-AE6B-EF32BEFF05AB}"
EndProject
Project("{9A19103F-16F7-4668-BE54-9A1E7A4F7556}") = "Sqrt(x)", "Sqrt(x)\Sqrt(x).csproj", "{E4016E4A-DA44-4C48-8B70-755C2338A1C9}"
EndProject
Project("{9A19103F-16F7-4668-BE54-9A1E7A4F7556}") = "ClimbingStairs", "ClimbingStairs\ClimbingStairs.csproj", "{DC316662-360D-409A-B3D1-6FE1799349BE}"
EndProject
Project("{9A19103F-16F7-4668-BE54-9A1E7A4F7556}") = "MergeSortedArray", "MergeSortedArray\MergeSortedArray.csproj", "{F06A5571-EEF5-494D-AC1C-A3725B9E5BDD}"
EndProject
Project("{9A19103F-16F7-4668-BE54-9A1E7A4F7556}") = "ArraySort", "ArraySort\ArraySort.csproj", "{F87F9CE6-B817-4E89-84C7-8798FD7EF15D}"
EndProject
Project("{9A19103F-16F7-4668-BE54-9A1E7A4F7556}") = "TechnicalInterviewQuestions", "TechnicalInterviewQuestions\TechnicalInterviewQuestions.csproj", "{CC365BFC-9184-4E77-A8F0-6E6837079864}"
EndProject
Project("{9A19103F-16F7-4668-BE54-9A1E7A4F7556}") = "PascalsTriangle", "PascalsTriangle\PascalsTriangle.csproj", "{0A48B4DD-C89D-418F-B67C-49E310BCAE59}"
EndProject
Project("{9A19103F-16F7-4668-BE54-9A1E7A4F7556}") = "SortArrayByParity", "SortArrayByParity\SortArrayByParity.csproj", "{EE32A1D5-FBCF-4E7A-AE29-6CB40375050A}"
EndProject
Project("{9A19103F-16F7-4668-BE54-9A1E7A4F7556}") = "CountAndSay", "CountAndSay\CountAndSay.csproj", "{542AED6D-A93A-4227-8557-B3C2D6097A4C}"
EndProject
Project("{9A19103F-16F7-4668-BE54-9A1E7A4F7556}") = "AddBinary", "AddBinary\AddBinary.csproj", "{C55992CB-237A-48D5-BFCE-96C575990007}"
EndProject
Project("{9A19103F-16F7-4668-BE54-9A1E7A4F7556}") = "ReverseOnlyLetters", "ReverseOnlyLetters\ReverseOnlyLetters.csproj", "{03E6B977-E4F8-4A7A-A658-4F597BE59DC7}"
EndProject
Project("{9A19103F-16F7-4668-BE54-9A1E7A4F7556}") = "UniqueEmailAddresses", "UniqueEmailAddresses\UniqueEmailAddresses.csproj", "{3C6F447B-CB63-4C37-BAAB-D14B878C55F5}"
EndProject
Project("{9A19103F-16F7-4668-BE54-9A1E7A4F7556}") = "MatrixDiagonalSum", "MatrixDiagonalSum\MatrixDiagonalSum.csproj", "{17C69D0A-6B47-4B20-B264-F983E5AEE78F}"
EndProject
Project("{9A19103F-16F7-4668-BE54-9A1E7A4F7556}") = "SumOfUniqueElements", "SumOfUniqueElements\SumOfUniqueElements.csproj", "{7A4A4127-5E6F-4627-BA28-396EE66E98D4}"
EndProject
Project("{9A19103F-16F7-4668-BE54-9A1E7A4F7556}") = "ShuffleString", "ShuffleString\ShuffleString.csproj", "{33ED100E-0FFC-48B4-A125-25B1CF6388E9}"
EndProject
Project("{9A19103F-16F7-4668-BE54-9A1E7A4F7556}") = "CountNegatives", "CountNegatives\CountNegatives.csproj", "{1E227CF5-65AA-4F11-A103-EFEF492F6DE4}"
EndProject
Project("{9A19103F-16F7-4668-BE54-9A1E7A4F7556}") = "SetMatrixZeroes", "SetMatrixZeroes\SetMatrixZeroes.csproj", "{C36A2D1C-47DF-4F19-B4AF-4361233FC744}"
EndProject
Project("{9A19103F-16F7-4668-BE54-9A1E7A4F7556}") = "IsomorphicStrings", "IsomorphicStrings\IsomorphicStrings.csproj", "{2C2021AC-322C-4934-BAFF-F7083FFC82D9}"
EndProject
Project("{9A19103F-16F7-4668-BE54-9A1E7A4F7556}") = "NumberOfGoodPairs", "NumberOfGoodPairs\NumberOfGoodPairs.csproj", "{DCBF3D80-4F6D-46C5-8505-B3D385A0D0A1}"
EndProject
Project("{9A19103F-16F7-4668-BE54-9A1E7A4F7556}") = "TruncateSentence", "TruncateSentence\TruncateSentence.csproj", "{F47B6CAF-24F0-4CFE-88C4-3B0097ED627E}"
EndProject
Project("{9A19103F-16F7-4668-BE54-9A1E7A4F7556}") = "SumOfDigitsInBaseK", "SumOfDigitsInBaseK\SumOfDigitsInBaseK.csproj", "{70EC1601-ED28-4CB8-8EAF-432FA6E0F0A9}"
EndProject
Project("{9A19103F-16F7-4668-BE54-9A1E7A4F7556}") = "ConsecutiveCharacters", "ConsecutiveCharacters\ConsecutiveCharacters.csproj", "{DF5EA150-72EB-443F-901D-1DDE20D5791B}"
EndProject
Project("{9A19103F-16F7-4668-BE54-9A1E7A4F7556}") = "SmallerNumbersThanCurrent", "SmallerNumbersThanCurrent\SmallerNumbersThanCurrent.csproj", "{2492356A-2B06-4DC8-8825-6BB656B4657D}"
EndProject
Project("{9A19103F-16F7-4668-BE54-9A1E7A4F7556}") = "TribonacciNumber", "TribonacciNumber\TribonacciNumber.csproj", "{D6DF393B-1D04-4B5C-8B81-8F04367DA3F1}"
EndProject
Project("{9A19103F-16F7-4668-BE54-9A1E7A4F7556}") = "DayOfYear", "DayOfYear\DayOfYear.csproj", "{A074A51D-6688-4D8B-BCF4-9E753B66C23A}"
EndProject
Project("{9A19103F-16F7-4668-BE54-9A1E7A4F7556}") = "FindSumZero", "FindSumZero\FindSumZero.csproj", "{6B074E32-7B45-4B2D-9D97-3B8196C35A54}"
EndProject
Project("{9A19103F-16F7-4668-BE54-9A1E7A4F7556}") = "RepeatedSubstringPattern", "RepeatedSubstringPattern\RepeatedSubstringPattern.csproj", "{033A7E7A-1D83-4837-BB6E-D93F5DA5F636}"
EndProject
Project("{9A19103F-16F7-4668-BE54-9A1E7A4F7556}") = "DayOfTheWeek", "DayOfTheWeek\DayOfTheWeek.csproj", "{21D8109C-4D64-478C-AF89-D9C893EDECAD}"
EndProject
Project("{9A19103F-16F7-4668-BE54-9A1E7A4F7556}") = "RotateString", "RotateString\RotateString.csproj", "{8B957B4B-0210-4FE9-A505-06FD724E94CC}"
EndProject
Project("{FAE04EC0-301F-11D3-BF4B-00C04F79EFBC}") = "MaxConsecutiveOnes", "MaxConsecutiveOnes\MaxConsecutiveOnes.csproj", "{65D9110F-683D-4AE5-B6D1-C8EEA60B24C8}"
EndProject
Global
	GlobalSection(SolutionConfigurationPlatforms) = preSolution
		Debug|Any CPU = Debug|Any CPU
		Release|Any CPU = Release|Any CPU
	EndGlobalSection
	GlobalSection(ProjectConfigurationPlatforms) = postSolution
		{3704016D-C515-4BEC-9407-DC6A62F18A1C}.Debug|Any CPU.ActiveCfg = Debug|Any CPU
		{3704016D-C515-4BEC-9407-DC6A62F18A1C}.Debug|Any CPU.Build.0 = Debug|Any CPU
		{3704016D-C515-4BEC-9407-DC6A62F18A1C}.Release|Any CPU.ActiveCfg = Release|Any CPU
		{3704016D-C515-4BEC-9407-DC6A62F18A1C}.Release|Any CPU.Build.0 = Release|Any CPU
		{BB5A16BF-06FD-4C2F-869A-9E1500948050}.Debug|Any CPU.ActiveCfg = Debug|Any CPU
		{BB5A16BF-06FD-4C2F-869A-9E1500948050}.Debug|Any CPU.Build.0 = Debug|Any CPU
		{BB5A16BF-06FD-4C2F-869A-9E1500948050}.Release|Any CPU.ActiveCfg = Release|Any CPU
		{BB5A16BF-06FD-4C2F-869A-9E1500948050}.Release|Any CPU.Build.0 = Release|Any CPU
		{5F3A7617-65BF-4686-B0A0-056977A5E808}.Debug|Any CPU.ActiveCfg = Debug|Any CPU
		{5F3A7617-65BF-4686-B0A0-056977A5E808}.Debug|Any CPU.Build.0 = Debug|Any CPU
		{5F3A7617-65BF-4686-B0A0-056977A5E808}.Release|Any CPU.ActiveCfg = Release|Any CPU
		{5F3A7617-65BF-4686-B0A0-056977A5E808}.Release|Any CPU.Build.0 = Release|Any CPU
		{D489E5E7-6D25-4D31-82B1-FD05F0FF85D2}.Debug|Any CPU.ActiveCfg = Debug|Any CPU
		{D489E5E7-6D25-4D31-82B1-FD05F0FF85D2}.Debug|Any CPU.Build.0 = Debug|Any CPU
		{D489E5E7-6D25-4D31-82B1-FD05F0FF85D2}.Release|Any CPU.ActiveCfg = Release|Any CPU
		{D489E5E7-6D25-4D31-82B1-FD05F0FF85D2}.Release|Any CPU.Build.0 = Release|Any CPU
		{1B2FF447-DD9B-486C-B971-8B11CE9FB98C}.Debug|Any CPU.ActiveCfg = Debug|Any CPU
		{1B2FF447-DD9B-486C-B971-8B11CE9FB98C}.Debug|Any CPU.Build.0 = Debug|Any CPU
		{1B2FF447-DD9B-486C-B971-8B11CE9FB98C}.Release|Any CPU.ActiveCfg = Release|Any CPU
		{1B2FF447-DD9B-486C-B971-8B11CE9FB98C}.Release|Any CPU.Build.0 = Release|Any CPU
		{DB3EB7DF-7CAB-4404-9ACB-6C754406F7C3}.Debug|Any CPU.ActiveCfg = Debug|Any CPU
		{DB3EB7DF-7CAB-4404-9ACB-6C754406F7C3}.Debug|Any CPU.Build.0 = Debug|Any CPU
		{DB3EB7DF-7CAB-4404-9ACB-6C754406F7C3}.Release|Any CPU.ActiveCfg = Release|Any CPU
		{DB3EB7DF-7CAB-4404-9ACB-6C754406F7C3}.Release|Any CPU.Build.0 = Release|Any CPU
		{A0DE5DD3-1E72-49CE-8A74-E181937E8395}.Debug|Any CPU.ActiveCfg = Debug|Any CPU
		{A0DE5DD3-1E72-49CE-8A74-E181937E8395}.Debug|Any CPU.Build.0 = Debug|Any CPU
		{A0DE5DD3-1E72-49CE-8A74-E181937E8395}.Release|Any CPU.ActiveCfg = Release|Any CPU
		{A0DE5DD3-1E72-49CE-8A74-E181937E8395}.Release|Any CPU.Build.0 = Release|Any CPU
		{C34F0E8B-B024-49DB-A187-801BEF18AD63}.Debug|Any CPU.ActiveCfg = Debug|Any CPU
		{C34F0E8B-B024-49DB-A187-801BEF18AD63}.Debug|Any CPU.Build.0 = Debug|Any CPU
		{C34F0E8B-B024-49DB-A187-801BEF18AD63}.Release|Any CPU.ActiveCfg = Release|Any CPU
		{C34F0E8B-B024-49DB-A187-801BEF18AD63}.Release|Any CPU.Build.0 = Release|Any CPU
		{E3F3214C-0D2B-4D23-9EAF-140B8B346AE2}.Debug|Any CPU.ActiveCfg = Debug|Any CPU
		{E3F3214C-0D2B-4D23-9EAF-140B8B346AE2}.Debug|Any CPU.Build.0 = Debug|Any CPU
		{E3F3214C-0D2B-4D23-9EAF-140B8B346AE2}.Release|Any CPU.ActiveCfg = Release|Any CPU
		{E3F3214C-0D2B-4D23-9EAF-140B8B346AE2}.Release|Any CPU.Build.0 = Release|Any CPU
		{34B30E43-9382-453B-9357-003F43188B51}.Debug|Any CPU.ActiveCfg = Debug|Any CPU
		{34B30E43-9382-453B-9357-003F43188B51}.Debug|Any CPU.Build.0 = Debug|Any CPU
		{34B30E43-9382-453B-9357-003F43188B51}.Release|Any CPU.ActiveCfg = Release|Any CPU
		{34B30E43-9382-453B-9357-003F43188B51}.Release|Any CPU.Build.0 = Release|Any CPU
		{E6E9BFBD-2CAC-4D4C-B0A3-E63561468F5B}.Debug|Any CPU.ActiveCfg = Debug|Any CPU
		{E6E9BFBD-2CAC-4D4C-B0A3-E63561468F5B}.Debug|Any CPU.Build.0 = Debug|Any CPU
		{E6E9BFBD-2CAC-4D4C-B0A3-E63561468F5B}.Release|Any CPU.ActiveCfg = Release|Any CPU
		{E6E9BFBD-2CAC-4D4C-B0A3-E63561468F5B}.Release|Any CPU.Build.0 = Release|Any CPU
		{A6161879-FD45-47FE-AE6B-EF32BEFF05AB}.Debug|Any CPU.ActiveCfg = Debug|Any CPU
		{A6161879-FD45-47FE-AE6B-EF32BEFF05AB}.Debug|Any CPU.Build.0 = Debug|Any CPU
		{A6161879-FD45-47FE-AE6B-EF32BEFF05AB}.Release|Any CPU.ActiveCfg = Release|Any CPU
		{A6161879-FD45-47FE-AE6B-EF32BEFF05AB}.Release|Any CPU.Build.0 = Release|Any CPU
		{E4016E4A-DA44-4C48-8B70-755C2338A1C9}.Debug|Any CPU.ActiveCfg = Debug|Any CPU
		{E4016E4A-DA44-4C48-8B70-755C2338A1C9}.Debug|Any CPU.Build.0 = Debug|Any CPU
		{E4016E4A-DA44-4C48-8B70-755C2338A1C9}.Release|Any CPU.ActiveCfg = Release|Any CPU
		{E4016E4A-DA44-4C48-8B70-755C2338A1C9}.Release|Any CPU.Build.0 = Release|Any CPU
		{DC316662-360D-409A-B3D1-6FE1799349BE}.Debug|Any CPU.ActiveCfg = Debug|Any CPU
		{DC316662-360D-409A-B3D1-6FE1799349BE}.Debug|Any CPU.Build.0 = Debug|Any CPU
		{DC316662-360D-409A-B3D1-6FE1799349BE}.Release|Any CPU.ActiveCfg = Release|Any CPU
		{DC316662-360D-409A-B3D1-6FE1799349BE}.Release|Any CPU.Build.0 = Release|Any CPU
		{F06A5571-EEF5-494D-AC1C-A3725B9E5BDD}.Debug|Any CPU.ActiveCfg = Debug|Any CPU
		{F06A5571-EEF5-494D-AC1C-A3725B9E5BDD}.Debug|Any CPU.Build.0 = Debug|Any CPU
		{F06A5571-EEF5-494D-AC1C-A3725B9E5BDD}.Release|Any CPU.ActiveCfg = Release|Any CPU
		{F06A5571-EEF5-494D-AC1C-A3725B9E5BDD}.Release|Any CPU.Build.0 = Release|Any CPU
		{F87F9CE6-B817-4E89-84C7-8798FD7EF15D}.Debug|Any CPU.ActiveCfg = Debug|Any CPU
		{F87F9CE6-B817-4E89-84C7-8798FD7EF15D}.Debug|Any CPU.Build.0 = Debug|Any CPU
		{F87F9CE6-B817-4E89-84C7-8798FD7EF15D}.Release|Any CPU.ActiveCfg = Release|Any CPU
		{F87F9CE6-B817-4E89-84C7-8798FD7EF15D}.Release|Any CPU.Build.0 = Release|Any CPU
		{CC365BFC-9184-4E77-A8F0-6E6837079864}.Debug|Any CPU.ActiveCfg = Debug|Any CPU
		{CC365BFC-9184-4E77-A8F0-6E6837079864}.Debug|Any CPU.Build.0 = Debug|Any CPU
		{CC365BFC-9184-4E77-A8F0-6E6837079864}.Release|Any CPU.ActiveCfg = Release|Any CPU
		{CC365BFC-9184-4E77-A8F0-6E6837079864}.Release|Any CPU.Build.0 = Release|Any CPU
		{0A48B4DD-C89D-418F-B67C-49E310BCAE59}.Debug|Any CPU.ActiveCfg = Debug|Any CPU
		{0A48B4DD-C89D-418F-B67C-49E310BCAE59}.Debug|Any CPU.Build.0 = Debug|Any CPU
		{0A48B4DD-C89D-418F-B67C-49E310BCAE59}.Release|Any CPU.ActiveCfg = Release|Any CPU
		{0A48B4DD-C89D-418F-B67C-49E310BCAE59}.Release|Any CPU.Build.0 = Release|Any CPU
		{EE32A1D5-FBCF-4E7A-AE29-6CB40375050A}.Debug|Any CPU.ActiveCfg = Debug|Any CPU
		{EE32A1D5-FBCF-4E7A-AE29-6CB40375050A}.Debug|Any CPU.Build.0 = Debug|Any CPU
		{EE32A1D5-FBCF-4E7A-AE29-6CB40375050A}.Release|Any CPU.ActiveCfg = Release|Any CPU
		{EE32A1D5-FBCF-4E7A-AE29-6CB40375050A}.Release|Any CPU.Build.0 = Release|Any CPU
		{542AED6D-A93A-4227-8557-B3C2D6097A4C}.Debug|Any CPU.ActiveCfg = Debug|Any CPU
		{542AED6D-A93A-4227-8557-B3C2D6097A4C}.Debug|Any CPU.Build.0 = Debug|Any CPU
		{542AED6D-A93A-4227-8557-B3C2D6097A4C}.Release|Any CPU.ActiveCfg = Release|Any CPU
		{542AED6D-A93A-4227-8557-B3C2D6097A4C}.Release|Any CPU.Build.0 = Release|Any CPU
		{C55992CB-237A-48D5-BFCE-96C575990007}.Debug|Any CPU.ActiveCfg = Debug|Any CPU
		{C55992CB-237A-48D5-BFCE-96C575990007}.Debug|Any CPU.Build.0 = Debug|Any CPU
		{C55992CB-237A-48D5-BFCE-96C575990007}.Release|Any CPU.ActiveCfg = Release|Any CPU
		{C55992CB-237A-48D5-BFCE-96C575990007}.Release|Any CPU.Build.0 = Release|Any CPU
		{03E6B977-E4F8-4A7A-A658-4F597BE59DC7}.Debug|Any CPU.ActiveCfg = Debug|Any CPU
		{03E6B977-E4F8-4A7A-A658-4F597BE59DC7}.Debug|Any CPU.Build.0 = Debug|Any CPU
		{03E6B977-E4F8-4A7A-A658-4F597BE59DC7}.Release|Any CPU.ActiveCfg = Release|Any CPU
		{03E6B977-E4F8-4A7A-A658-4F597BE59DC7}.Release|Any CPU.Build.0 = Release|Any CPU
		{3C6F447B-CB63-4C37-BAAB-D14B878C55F5}.Debug|Any CPU.ActiveCfg = Debug|Any CPU
		{3C6F447B-CB63-4C37-BAAB-D14B878C55F5}.Debug|Any CPU.Build.0 = Debug|Any CPU
		{3C6F447B-CB63-4C37-BAAB-D14B878C55F5}.Release|Any CPU.ActiveCfg = Release|Any CPU
		{3C6F447B-CB63-4C37-BAAB-D14B878C55F5}.Release|Any CPU.Build.0 = Release|Any CPU
		{17C69D0A-6B47-4B20-B264-F983E5AEE78F}.Debug|Any CPU.ActiveCfg = Debug|Any CPU
		{17C69D0A-6B47-4B20-B264-F983E5AEE78F}.Debug|Any CPU.Build.0 = Debug|Any CPU
		{17C69D0A-6B47-4B20-B264-F983E5AEE78F}.Release|Any CPU.ActiveCfg = Release|Any CPU
		{17C69D0A-6B47-4B20-B264-F983E5AEE78F}.Release|Any CPU.Build.0 = Release|Any CPU
		{7A4A4127-5E6F-4627-BA28-396EE66E98D4}.Debug|Any CPU.ActiveCfg = Debug|Any CPU
		{7A4A4127-5E6F-4627-BA28-396EE66E98D4}.Debug|Any CPU.Build.0 = Debug|Any CPU
		{7A4A4127-5E6F-4627-BA28-396EE66E98D4}.Release|Any CPU.ActiveCfg = Release|Any CPU
		{7A4A4127-5E6F-4627-BA28-396EE66E98D4}.Release|Any CPU.Build.0 = Release|Any CPU
		{33ED100E-0FFC-48B4-A125-25B1CF6388E9}.Debug|Any CPU.ActiveCfg = Debug|Any CPU
		{33ED100E-0FFC-48B4-A125-25B1CF6388E9}.Debug|Any CPU.Build.0 = Debug|Any CPU
		{33ED100E-0FFC-48B4-A125-25B1CF6388E9}.Release|Any CPU.ActiveCfg = Release|Any CPU
		{33ED100E-0FFC-48B4-A125-25B1CF6388E9}.Release|Any CPU.Build.0 = Release|Any CPU
		{1E227CF5-65AA-4F11-A103-EFEF492F6DE4}.Debug|Any CPU.ActiveCfg = Debug|Any CPU
		{1E227CF5-65AA-4F11-A103-EFEF492F6DE4}.Debug|Any CPU.Build.0 = Debug|Any CPU
		{1E227CF5-65AA-4F11-A103-EFEF492F6DE4}.Release|Any CPU.ActiveCfg = Release|Any CPU
		{1E227CF5-65AA-4F11-A103-EFEF492F6DE4}.Release|Any CPU.Build.0 = Release|Any CPU
		{C36A2D1C-47DF-4F19-B4AF-4361233FC744}.Debug|Any CPU.ActiveCfg = Debug|Any CPU
		{C36A2D1C-47DF-4F19-B4AF-4361233FC744}.Debug|Any CPU.Build.0 = Debug|Any CPU
		{C36A2D1C-47DF-4F19-B4AF-4361233FC744}.Release|Any CPU.ActiveCfg = Release|Any CPU
		{C36A2D1C-47DF-4F19-B4AF-4361233FC744}.Release|Any CPU.Build.0 = Release|Any CPU
		{2C2021AC-322C-4934-BAFF-F7083FFC82D9}.Debug|Any CPU.ActiveCfg = Debug|Any CPU
		{2C2021AC-322C-4934-BAFF-F7083FFC82D9}.Debug|Any CPU.Build.0 = Debug|Any CPU
		{2C2021AC-322C-4934-BAFF-F7083FFC82D9}.Release|Any CPU.ActiveCfg = Release|Any CPU
		{2C2021AC-322C-4934-BAFF-F7083FFC82D9}.Release|Any CPU.Build.0 = Release|Any CPU
		{DCBF3D80-4F6D-46C5-8505-B3D385A0D0A1}.Debug|Any CPU.ActiveCfg = Debug|Any CPU
		{DCBF3D80-4F6D-46C5-8505-B3D385A0D0A1}.Debug|Any CPU.Build.0 = Debug|Any CPU
		{DCBF3D80-4F6D-46C5-8505-B3D385A0D0A1}.Release|Any CPU.ActiveCfg = Release|Any CPU
		{DCBF3D80-4F6D-46C5-8505-B3D385A0D0A1}.Release|Any CPU.Build.0 = Release|Any CPU
		{F47B6CAF-24F0-4CFE-88C4-3B0097ED627E}.Debug|Any CPU.ActiveCfg = Debug|Any CPU
		{F47B6CAF-24F0-4CFE-88C4-3B0097ED627E}.Debug|Any CPU.Build.0 = Debug|Any CPU
		{F47B6CAF-24F0-4CFE-88C4-3B0097ED627E}.Release|Any CPU.ActiveCfg = Release|Any CPU
		{F47B6CAF-24F0-4CFE-88C4-3B0097ED627E}.Release|Any CPU.Build.0 = Release|Any CPU
		{70EC1601-ED28-4CB8-8EAF-432FA6E0F0A9}.Debug|Any CPU.ActiveCfg = Debug|Any CPU
		{70EC1601-ED28-4CB8-8EAF-432FA6E0F0A9}.Debug|Any CPU.Build.0 = Debug|Any CPU
		{70EC1601-ED28-4CB8-8EAF-432FA6E0F0A9}.Release|Any CPU.ActiveCfg = Release|Any CPU
		{70EC1601-ED28-4CB8-8EAF-432FA6E0F0A9}.Release|Any CPU.Build.0 = Release|Any CPU
		{DF5EA150-72EB-443F-901D-1DDE20D5791B}.Debug|Any CPU.ActiveCfg = Debug|Any CPU
		{DF5EA150-72EB-443F-901D-1DDE20D5791B}.Debug|Any CPU.Build.0 = Debug|Any CPU
		{DF5EA150-72EB-443F-901D-1DDE20D5791B}.Release|Any CPU.ActiveCfg = Release|Any CPU
		{DF5EA150-72EB-443F-901D-1DDE20D5791B}.Release|Any CPU.Build.0 = Release|Any CPU
		{2492356A-2B06-4DC8-8825-6BB656B4657D}.Debug|Any CPU.ActiveCfg = Debug|Any CPU
		{2492356A-2B06-4DC8-8825-6BB656B4657D}.Debug|Any CPU.Build.0 = Debug|Any CPU
		{2492356A-2B06-4DC8-8825-6BB656B4657D}.Release|Any CPU.ActiveCfg = Release|Any CPU
		{2492356A-2B06-4DC8-8825-6BB656B4657D}.Release|Any CPU.Build.0 = Release|Any CPU
		{D6DF393B-1D04-4B5C-8B81-8F04367DA3F1}.Debug|Any CPU.ActiveCfg = Debug|Any CPU
		{D6DF393B-1D04-4B5C-8B81-8F04367DA3F1}.Debug|Any CPU.Build.0 = Debug|Any CPU
		{D6DF393B-1D04-4B5C-8B81-8F04367DA3F1}.Release|Any CPU.ActiveCfg = Release|Any CPU
		{D6DF393B-1D04-4B5C-8B81-8F04367DA3F1}.Release|Any CPU.Build.0 = Release|Any CPU
		{A074A51D-6688-4D8B-BCF4-9E753B66C23A}.Debug|Any CPU.ActiveCfg = Debug|Any CPU
		{A074A51D-6688-4D8B-BCF4-9E753B66C23A}.Debug|Any CPU.Build.0 = Debug|Any CPU
		{A074A51D-6688-4D8B-BCF4-9E753B66C23A}.Release|Any CPU.ActiveCfg = Release|Any CPU
		{A074A51D-6688-4D8B-BCF4-9E753B66C23A}.Release|Any CPU.Build.0 = Release|Any CPU
		{6B074E32-7B45-4B2D-9D97-3B8196C35A54}.Debug|Any CPU.ActiveCfg = Debug|Any CPU
		{6B074E32-7B45-4B2D-9D97-3B8196C35A54}.Debug|Any CPU.Build.0 = Debug|Any CPU
		{6B074E32-7B45-4B2D-9D97-3B8196C35A54}.Release|Any CPU.ActiveCfg = Release|Any CPU
		{6B074E32-7B45-4B2D-9D97-3B8196C35A54}.Release|Any CPU.Build.0 = Release|Any CPU
		{033A7E7A-1D83-4837-BB6E-D93F5DA5F636}.Debug|Any CPU.ActiveCfg = Debug|Any CPU
		{033A7E7A-1D83-4837-BB6E-D93F5DA5F636}.Debug|Any CPU.Build.0 = Debug|Any CPU
		{033A7E7A-1D83-4837-BB6E-D93F5DA5F636}.Release|Any CPU.ActiveCfg = Release|Any CPU
		{033A7E7A-1D83-4837-BB6E-D93F5DA5F636}.Release|Any CPU.Build.0 = Release|Any CPU
		{21D8109C-4D64-478C-AF89-D9C893EDECAD}.Debug|Any CPU.ActiveCfg = Debug|Any CPU
		{21D8109C-4D64-478C-AF89-D9C893EDECAD}.Debug|Any CPU.Build.0 = Debug|Any CPU
		{21D8109C-4D64-478C-AF89-D9C893EDECAD}.Release|Any CPU.ActiveCfg = Release|Any CPU
		{21D8109C-4D64-478C-AF89-D9C893EDECAD}.Release|Any CPU.Build.0 = Release|Any CPU
		{8B957B4B-0210-4FE9-A505-06FD724E94CC}.Debug|Any CPU.ActiveCfg = Debug|Any CPU
		{8B957B4B-0210-4FE9-A505-06FD724E94CC}.Debug|Any CPU.Build.0 = Debug|Any CPU
		{8B957B4B-0210-4FE9-A505-06FD724E94CC}.Release|Any CPU.ActiveCfg = Release|Any CPU
		{8B957B4B-0210-4FE9-A505-06FD724E94CC}.Release|Any CPU.Build.0 = Release|Any CPU
		{65D9110F-683D-4AE5-B6D1-C8EEA60B24C8}.Debug|Any CPU.ActiveCfg = Debug|Any CPU
		{65D9110F-683D-4AE5-B6D1-C8EEA60B24C8}.Debug|Any CPU.Build.0 = Debug|Any CPU
		{65D9110F-683D-4AE5-B6D1-C8EEA60B24C8}.Release|Any CPU.ActiveCfg = Release|Any CPU
		{65D9110F-683D-4AE5-B6D1-C8EEA60B24C8}.Release|Any CPU.Build.0 = Release|Any CPU
	EndGlobalSection
	GlobalSection(SolutionProperties) = preSolution
		HideSolutionNode = FALSE
	EndGlobalSection
	GlobalSection(ExtensibilityGlobals) = postSolution
		SolutionGuid = {CE09A2A6-9DAE-4E79-B9ED-0B6D4B2A2550}
	EndGlobalSection
EndGlobal
