
Microsoft Visual Studio Solution File, Format Version 12.00
# Visual Studio Version 16
VisualStudioVersion = 16.0.31229.75
MinimumVisualStudioVersion = 10.0.40219.1
Project("{FAE04EC0-301F-11D3-BF4B-00C04F79EFBC}") = "TwoSum", "TwoSum\TwoSum.csproj", "{3704016D-C515-4BEC-9407-DC6A62F18A1C}"
EndProject
Global
	GlobalSection(SolutionConfigurationPlatforms) = preSolution
		Debug|Any CPU = Debug|Any CPU
		Release|Any CPU = Release|Any CPU
	EndGlobalSection
	GlobalSection(ProjectConfigurationPlatforms) = postSolution
		{3704016D-C515-4BEC-9407-DC6A62F18A1C}.Debug|Any CPU.ActiveCfg = Debug|Any CPU
		{3704016D-C515-4BEC-9407-DC6A62F18A1C}.Debug|Any CPU.Build.0 = Debug|Any CPU
		{3704016D-C515-4BEC-9407-DC6A62F18A1C}.Release|Any CPU.ActiveCfg = Release|Any CPU
		{3704016D-C515-4BEC-9407-DC6A62F18A1C}.Release|Any CPU.Build.0 = Release|Any CPU
	EndGlobalSection
	GlobalSection(SolutionProperties) = preSolution
		HideSolutionNode = FALSE
	EndGlobalSection
	GlobalSection(ExtensibilityGlobals) = postSolution
		SolutionGuid = {CE09A2A6-9DAE-4E79-B9ED-0B6D4B2A2550}
	EndGlobalSection
EndGlobal
